{
  "name": "@totally-nerdy/tn-mdb-log-to-query",
  "version": "1.0.0",
  "lockfileVersion": 3,
  "requires": true,
  "packages": {
    "": {
      "name": "@totally-nerdy/tn-mdb-log-to-query",
      "version": "1.0.0",
      "license": "MIT",
      "devDependencies": {
        "@totally-nerdy/tn-code-display": "^1.4.1",
        "uglify-js": "^3.19.1"
      },
      "engines": {
        "node": "~20.16",
        "npm": "~10.8"
      }
    },
    "node_modules/@totally-nerdy/tn-code-display": {
      "version": "1.4.1",
      "resolved": "https://registry.npmjs.org/@totally-nerdy/tn-code-display/-/tn-code-display-1.4.1.tgz",
      "integrity": "sha512-EarjcSTEV2IXiUwbdShMQZdukf8934cFL27uPgh6Htr/GzLCSzVy/YBJWqQ+FQ46ysQIfrE0WtS9OO++TPo6jQ==",
      "dev": true,
      "license": "MIT",
      "engines": {
        "node": "~20.16",
        "npm": "~10.8"
      }
    },
    "node_modules/uglify-js": {
      "version": "3.19.1",
      "resolved": "https://registry.npmjs.org/uglify-js/-/uglify-js-3.19.1.tgz",
      "integrity": "sha512-y/2wiW+ceTYR2TSSptAhfnEtpLaQ4Ups5zrjB2d3kuVxHj16j/QJwPl5PvuGy9uARb39J0+iKxcRPvtpsx4A4A==",
      "dev": true,
      "license": "BSD-2-Clause",
      "bin": {
        "uglifyjs": "bin/uglifyjs"
      },
      "engines": {
        "node": ">=0.8.0"
      }
    }
  }
}
